version = 1
revision = 2
requires-python = ">=3.9"
resolution-markers = [
    "python_full_version >= '3.10'",
    "python_full_version < '3.10'",
]

[[package]]
name = "click"
version = "8.1.8"
source = { registry = "https://pypi.org/simple" }
resolution-markers = [
    "python_full_version < '3.10'",
]
dependencies = [
    { name = "colorama", marker = "python_full_version < '3.10' and sys_platform == 'win32'" },
]
sdist = { url = "https://files.pythonhosted.org/packages/b9/2e/0090cbf739cee7d23781ad4b89a9894a41538e4fcf4c31dcdd705b78eb8b/click-8.1.8.tar.gz", hash = "sha256:ed53c9d8990d83c2a27deae68e4ee337473f6330c040a31d4225c9574d16096a", size = 226593, upload-time = "2024-12-21T18:38:44.339Z" }
wheels = [
    { url = "https://files.pythonhosted.org/packages/7e/d4/7ebdbd03970677812aac39c869717059dbb71a4cfc033ca6e5221787892c/click-8.1.8-py3-none-any.whl", hash = "sha256:63c132bbbed01578a06712a2d1f497bb62d9c1c0d329b7903a866228027263b2", size = 98188, upload-time = "2024-12-21T18:38:41.666Z" },
]

[[package]]
name = "click"
version = "8.2.1"
source = { registry = "https://pypi.org/simple" }
resolution-markers = [
    "python_full_version >= '3.10'",
]
dependencies = [
    { name = "colorama", marker = "python_full_version >= '3.10' and sys_platform == 'win32'" },
]
sdist = { url = "https://files.pythonhosted.org/packages/60/6c/8ca2efa64cf75a977a0d7fac081354553ebe483345c734fb6b6515d96bbc/click-8.2.1.tar.gz", hash = "sha256:27c491cc05d968d271d5a1db13e3b5a184636d9d930f148c50b038f0d0646202", size = 286342, upload-time = "2025-05-20T23:19:49.832Z" }
wheels = [
    { url = "https://files.pythonhosted.org/packages/85/32/10bb5764d90a8eee674e9dc6f4db6a0ab47c8c4d0d83c27f7c39ac415a4d/click-8.2.1-py3-none-any.whl", hash = "sha256:61a3265b914e850b85317d0b3109c7f8cd35a670f963866005d6ef1d5175a12b", size = 102215, upload-time = "2025-05-20T23:19:47.796Z" },
]

[[package]]
name = "colorama"
version = "0.4.6"
source = { registry = "https://pypi.org/simple" }
sdist = { url = "https://files.pythonhosted.org/packages/d8/53/6f443c9a4a8358a93a6792e2acffb9d9d5cb0a5cfd8802644b7b1c9a02e4/colorama-0.4.6.tar.gz", hash = "sha256:08695f5cb7ed6e0531a20572697297273c47b8cae5a63ffc6d6ed5c201be6e44", size = 27697, upload-time = "2022-10-25T02:36:22.414Z" }
wheels = [
    { url = "https://files.pythonhosted.org/packages/d1/d6/3965ed04c63042e047cb6a3e6ed1a63a35087b6a609aa3a15ed8ac56c221/colorama-0.4.6-py2.py3-none-any.whl", hash = "sha256:4f1d9991f5acc0ca119f9d443620b77f9d6b33703e51011c16baf57afb285fc6", size = 25335, upload-time = "2022-10-25T02:36:20.889Z" },
]

[[package]]
name = "grimp"
version = "3.9"
source = { registry = "https://pypi.org/simple" }
dependencies = [
    { name = "joblib" },
    { name = "typing-extensions" },
]
sdist = { url = "https://files.pythonhosted.org/packages/f5/a4/b5109e7457e647e859c3f68cab22c55139f30dbc5549f62b0f216a00e3f1/grimp-3.9.tar.gz", hash = "sha256:b677ac17301d7e0f1e19cc7057731bd7956a2121181eb5057e51efb44301fb0a", size = 840675, upload-time = "2025-05-05T13:46:49.069Z" }
wheels = [
    { url = "https://files.pythonhosted.org/packages/a4/38/cf011956f6213c6ee8d7cf76e44f7f13c0162e87c49d880983f577028328/grimp-3.9-cp310-cp310-macosx_10_12_x86_64.whl", hash = "sha256:febc16712658e4eed18a8f313036165eef33dabad65afde01c1da0429923f229", size = 1787586, upload-time = "2025-05-05T13:45:37.553Z" },
    { url = "https://files.pythonhosted.org/packages/81/45/aaac9889751a040b84755069c44e7f2b10dbe2ceb4b0f1178cda6de297aa/grimp-3.9-cp310-cp310-macosx_11_0_arm64.whl", hash = "sha256:6b79782e4fad92ee0375ac20c086d7e32e23d880ff70541295da4fba07336486", size = 1712795, upload-time = "2025-05-05T13:45:29.951Z" },
    { url = "https://files.pythonhosted.org/packages/28/b1/6004834f3bc38d16dafd7ec32c4f93f29c321f705d037b0e7d421c8d8d79/grimp-3.9-cp310-cp310-manylinux_2_17_aarch64.manylinux2014_aarch64.whl", hash = "sha256:8dd8480adcd5241ffb013be922885b87de2fc7d834cdba1cc1d65f2c378bd282", size = 1857779, upload-time = "2025-05-05T13:44:10.304Z" },
    { url = "https://files.pythonhosted.org/packages/6c/e9/d3df12efcd07db1cfd3f1cd6087f298f72296018e29073527a66f0bbbc04/grimp-3.9-cp310-cp310-manylinux_2_17_armv7l.manylinux2014_armv7l.whl", hash = "sha256:bc5860e9ad17f8538bb2064aed86df27058187e554f21ecc79b3f5ae7bf5f919", size = 1823261, upload-time = "2025-05-05T13:44:25.335Z" },
    { url = "https://files.pythonhosted.org/packages/9b/69/bdc337c4c42146387a305c427528b276e36536ab6110afa0a5d6efc87099/grimp-3.9-cp310-cp310-manylinux_2_17_i686.manylinux2014_i686.whl", hash = "sha256:dca743dad74db046a1104f53d83d7297eb14990d0ba4c8a548c493145cc158bc", size = 1949703, upload-time = "2025-05-05T13:45:09.254Z" },
    { url = "https://files.pythonhosted.org/packages/5b/e2/88009be6fc539ff6af6fc13a10999962b7e455ad7de8efb0b9acbf0f9eba/grimp-3.9-cp310-cp310-manylinux_2_17_ppc64le.manylinux2014_ppc64le.whl", hash = "sha256:9886231877cda72aba4c4975d819d79f149e0edb22fd3f55ed5d5f89cb3ab28e", size = 2025751, upload-time = "2025-05-05T13:44:39.558Z" },
    { url = "https://files.pythonhosted.org/packages/07/0e/5b7e55b8076c80c44b39b609e5942c35acdc40039d9874859a401966e39d/grimp-3.9-cp310-cp310-manylinux_2_17_s390x.manylinux2014_s390x.whl", hash = "sha256:f80f7bf293c552edf1e48dcc7a4339532e604357b22b2ee1d55d08ae1ff2a811", size = 2121332, upload-time = "2025-05-05T13:44:54.243Z" },
    { url = "https://files.pythonhosted.org/packages/bb/89/99654875f6b3d28be303b8beb61e52abcd7e1c211b7dcd51f7136e25fd8e/grimp-3.9-cp310-cp310-manylinux_2_17_x86_64.manylinux2014_x86_64.whl", hash = "sha256:cb8bb74b38727a8928cfbfa670632c1f27cb97350348f954e318243a785f7a51", size = 1922944, upload-time = "2025-05-05T13:45:20.09Z" },
    { url = "https://files.pythonhosted.org/packages/1d/4f/28d20825fdf0d84ce15f45971c7efa471c0b6c93041be5da69ae5ab07010/grimp-3.9-cp310-cp310-musllinux_1_2_aarch64.whl", hash = "sha256:9fec4ca6a9cde9c6bc2c565243ec4294f6dea65da34c9af6b3d2725d0e6e055e", size = 2032521, upload-time = "2025-05-05T13:45:45.549Z" },
    { url = "https://files.pythonhosted.org/packages/ee/17/413b41fadfbc5d63260ef8ca4db4b5a77530f61d394d304b508045149c66/grimp-3.9-cp310-cp310-musllinux_1_2_armv7l.whl", hash = "sha256:03e99fed9ac98f732bfa528eeed76643013d8278eb62a271d841fadbde408252", size = 2087776, upload-time = "2025-05-05T13:45:59.485Z" },
    { url = "https://files.pythonhosted.org/packages/9c/7c/4224864d92c7d9fce48573dfcc171d7c536624fe20c0a5cf71c35186f9fb/grimp-3.9-cp310-cp310-musllinux_1_2_i686.whl", hash = "sha256:b391fe8379fade735c21a016fd22eafb85cd65c7962e8bed176dc9c2ad5a169c", size = 2069950, upload-time = "2025-05-05T13:46:16.462Z" },
    { url = "https://files.pythonhosted.org/packages/7c/50/2f36629bee4e83283f9d3754b1d8e6fc1d50164ac80636e72d357e21a403/grimp-3.9-cp310-cp310-musllinux_1_2_x86_64.whl", hash = "sha256:7f2af0715304971798241353a3e6c5cc64339a4871dd7b33372c810e5c7c7251", size = 2093083, upload-time = "2025-05-05T13:46:32.317Z" },
    { url = "https://files.pythonhosted.org/packages/3a/c5/a9e96a8873c0d8d2b2a06f42bbb5738586bc04140860738c391a916249be/grimp-3.9-cp310-cp310-win32.whl", hash = "sha256:4db8ac24b52e0859ac47ee2c6aa1b40323774078dbc22193699b3ad7d2bb1bd2", size = 1495616, upload-time = "2025-05-05T13:46:58.597Z" },
    { url = "https://files.pythonhosted.org/packages/ab/f9/ac9a9df5a7101652a1599d276ac0fea9e59167f0691a401f37e3a1b02889/grimp-3.9-cp310-cp310-win_amd64.whl", hash = "sha256:75ca679e9d341f31af7af6b02dcb1069bc08f3746416c7d86508073254714ff4", size = 1598670, upload-time = "2025-05-05T13:46:50.334Z" },
    { url = "https://files.pythonhosted.org/packages/02/a6/ec3d9b24556fd50600f9e7ceedc330ff17ee06193462b0e3a070277f0af4/grimp-3.9-cp311-cp311-macosx_10_12_x86_64.whl", hash = "sha256:f28984e7b0be7c820cb41bf6fb05d707567cc892e84ca5cd21603c57e86627dd", size = 1787766, upload-time = "2025-05-05T13:45:38.919Z" },
    { url = "https://files.pythonhosted.org/packages/b7/ae/fce60ed2c746327e7865c0336dce741b120e30aa2229ce864bfd5b3db12e/grimp-3.9-cp311-cp311-macosx_11_0_arm64.whl", hash = "sha256:21a03a6b1c682f98d59971f10152d936fe4def0ac48109fd72d111a024588c7a", size = 1712402, upload-time = "2025-05-05T13:45:31.396Z" },
    { url = "https://files.pythonhosted.org/packages/bc/d8/1b61ee9d6170836f43626c7f7c3997e7f0fd49d7572fe4cb51438aeb8c59/grimp-3.9-cp311-cp311-manylinux_2_17_aarch64.manylinux2014_aarch64.whl", hash = "sha256:ae8ce8ce5535c6bd50d4ce10747afc8f3d6d98b1c25c66856219bbeae82f3156", size = 1857682, upload-time = "2025-05-05T13:44:12.311Z" },
    { url = "https://files.pythonhosted.org/packages/63/95/a8b14640666e9c5a7928f3b26480a95b87a6bb66dcc7387731602b005c95/grimp-3.9-cp311-cp311-manylinux_2_17_armv7l.manylinux2014_armv7l.whl", hash = "sha256:3e26ed94b20b2991bc0742ab468d40bff0e33619cf506ecb2ec15dd8baa1094d", size = 1822840, upload-time = "2025-05-05T13:44:26.735Z" },
    { url = "https://files.pythonhosted.org/packages/b2/b2/30b0dffae8f3be2fd70e080b3ac4ef9de2d79c18ea8d477b9f303a6cf672/grimp-3.9-cp311-cp311-manylinux_2_17_i686.manylinux2014_i686.whl", hash = "sha256:f6efe43e54753edca1705bf2d002e0c40e86402c19cd4ea66fb71e1bb628e8da", size = 1949989, upload-time = "2025-05-05T13:45:10.714Z" },
    { url = "https://files.pythonhosted.org/packages/b9/a4/e49ebacb8dd59584a4eed670195fc0c559ad76ac19e901fdb50fd42bd185/grimp-3.9-cp311-cp311-manylinux_2_17_ppc64le.manylinux2014_ppc64le.whl", hash = "sha256:d83b2354e90b57ea3335381df78ffe0d653f68a7a9e6fcf382f157ad9558d778", size = 2025839, upload-time = "2025-05-05T13:44:40.814Z" },
    { url = "https://files.pythonhosted.org/packages/1c/5e/8ea116d2eb0a19cc224e64949f0ba2249b20cdfdc5adb63e6d34970da205/grimp-3.9-cp311-cp311-manylinux_2_17_s390x.manylinux2014_s390x.whl", hash = "sha256:465b6814c3e94081e9b9491975d8f14583ff1b2712e9ee2c7a88d165fece33ab", size = 2120651, upload-time = "2025-05-05T13:44:56.215Z" },
    { url = "https://files.pythonhosted.org/packages/65/51/0e6729b76e413eda9ec8b8654bb476c973e51ffaf4d7a4961e058ee36f74/grimp-3.9-cp311-cp311-manylinux_2_17_x86_64.manylinux2014_x86_64.whl", hash = "sha256:7f7d4289c3dd7fdd515abf7ad7125c405367edbee6e286f29d5176b4278a232d", size = 1922772, upload-time = "2025-05-05T13:45:21.487Z" },
    { url = "https://files.pythonhosted.org/packages/ba/78/f6826de1822d0d7fc23ce1246e47ab4a9825b961d3b638a2baa108de45cb/grimp-3.9-cp311-cp311-musllinux_1_2_aarch64.whl", hash = "sha256:3de8685aefa3de3c966cebcbd660cbbdb10f890b0b11746adf730b5dc738b35d", size = 2032421, upload-time = "2025-05-05T13:45:47.427Z" },
    { url = "https://files.pythonhosted.org/packages/41/ab/ae092e6a38b748507e1c90e100ad0915da45d11723af7b249b2470773b31/grimp-3.9-cp311-cp311-musllinux_1_2_armv7l.whl", hash = "sha256:aec648946dd9f9cc154aa750b6875e1e6bb2a621565b0ca98e8b4228838c971e", size = 2087587, upload-time = "2025-05-05T13:46:01.124Z" },
    { url = "https://files.pythonhosted.org/packages/c8/f5/52f13eeb4736ed06c708f5eb2e208d180d62f801fc370a2c66004e2a369a/grimp-3.9-cp311-cp311-musllinux_1_2_i686.whl", hash = "sha256:edeb78b27cee3e484e27d91accd585bfa399870cb1097f9132a8fdc920dcc584", size = 2069643, upload-time = "2025-05-05T13:46:18.065Z" },
    { url = "https://files.pythonhosted.org/packages/45/21/470c17b90912c681d5af727b9ad77f722779c952ebf1741f58ac6bd512f0/grimp-3.9-cp311-cp311-musllinux_1_2_x86_64.whl", hash = "sha256:32993eaa86d3e65d302394c09228e17373720353640c7bc6847e40cac618db9e", size = 2092909, upload-time = "2025-05-05T13:46:34.197Z" },
    { url = "https://files.pythonhosted.org/packages/5f/a7/0abe5b6604eee37533683d8d130f4a132f6c08dd85e8f212e441d78f5f1d/grimp-3.9-cp311-cp311-win32.whl", hash = "sha256:0e6cc81104b227a4185a2e2644f1ee70e90686174331c3d8004848ba9c811f08", size = 1495307, upload-time = "2025-05-05T13:47:00.133Z" },
    { url = "https://files.pythonhosted.org/packages/48/bd/5f6dbc61ef7e03ffdcbc45e019370160b7fc97ef4d6715c2e779ea413e8f/grimp-3.9-cp311-cp311-win_amd64.whl", hash = "sha256:088f5a67f67491a5d4c20ef67941cbbb15f928f78a412f0d032460ee2ce518fb", size = 1598548, upload-time = "2025-05-05T13:46:51.824Z" },
    { url = "https://files.pythonhosted.org/packages/a8/dd/6b528f821d98d240f4654d7ad947be078e27e55f6d1128207b313213cdde/grimp-3.9-cp312-cp312-macosx_10_12_x86_64.whl", hash = "sha256:c19a27aa7541b620df94ceafde89d6ebf9ee1b263e80d278ea45bdd504fec769", size = 1783791, upload-time = "2025-05-05T13:45:40.592Z" },
    { url = "https://files.pythonhosted.org/packages/74/a6/646828c8afe6b30b4270b43f1a550f7d3a2334867a002bf3f6b035a37255/grimp-3.9-cp312-cp312-macosx_11_0_arm64.whl", hash = "sha256:f68e7a771c9eb4459106decd6cc4f11313202b10d943a1a8bed463b528889dd0", size = 1710400, upload-time = "2025-05-05T13:45:32.833Z" },
    { url = "https://files.pythonhosted.org/packages/99/62/b12ed166268e73d676b72accde5493ff6a7781b284f7830a596af2b7fb98/grimp-3.9-cp312-cp312-manylinux_2_17_aarch64.manylinux2014_aarch64.whl", hash = "sha256:8290eb4561dc29c590fc099f2bdac4827a9b86a018e146428854f9742ab480ef", size = 1858308, upload-time = "2025-05-05T13:44:13.816Z" },
    { url = "https://files.pythonhosted.org/packages/f0/6a/da220f9fdb4ceed9bd03f624b00c493e7357387257b695a0624be6d6cf11/grimp-3.9-cp312-cp312-manylinux_2_17_armv7l.manylinux2014_armv7l.whl", hash = "sha256:4574c0d135e6af8cddc31ac9617c00aac3181bb4d476f5aea173a5f2ac8c7479", size = 1823353, upload-time = "2025-05-05T13:44:28.538Z" },
    { url = "https://files.pythonhosted.org/packages/f0/93/1eb6615f9c12a4eb752ea29e3880c5313ad3d7c771150f544e53e10fa807/grimp-3.9-cp312-cp312-manylinux_2_17_i686.manylinux2014_i686.whl", hash = "sha256:c5e4110bd0aedd7da899e44ec0d4a93529e93f2d03e5786e3469a5f7562e11e9", size = 1948889, upload-time = "2025-05-05T13:45:12.57Z" },
    { url = "https://files.pythonhosted.org/packages/86/7e/e5d3a2ee933e2c83b412a89efc4f939dbf5bf5098c78717e6a432401b206/grimp-3.9-cp312-cp312-manylinux_2_17_ppc64le.manylinux2014_ppc64le.whl", hash = "sha256:4d098f6e10c0e42c6be0eca2726a7d7218e90ba020141fa3f88426a5f7d09d71", size = 2025587, upload-time = "2025-05-05T13:44:42.212Z" },
    { url = "https://files.pythonhosted.org/packages/fa/59/ead04d7658b977ffafcc3b382c54bc0231f03b5298343db9d4cc547edcde/grimp-3.9-cp312-cp312-manylinux_2_17_s390x.manylinux2014_s390x.whl", hash = "sha256:69573ecc5cc84bb175e5aa5af2fe09dfb2f33a399c59c025f5f3d7d2f6f202fe", size = 2119002, upload-time = "2025-05-05T13:44:57.901Z" },
    { url = "https://files.pythonhosted.org/packages/0e/80/790e40d77703f846082d6a7f2f37ceec481e9ebe2763551d591083c84e4d/grimp-3.9-cp312-cp312-manylinux_2_17_x86_64.manylinux2014_x86_64.whl", hash = "sha256:63e4bdb4382fb0afd52216e70a0e4da3f0500de8f9e40ee8d2b68a16a35c40c4", size = 1922590, upload-time = "2025-05-05T13:45:22.985Z" },
    { url = "https://files.pythonhosted.org/packages/eb/31/c490b387298540ef5fe1960df13879cab7a56b37af0f6b4a7d351e131c15/grimp-3.9-cp312-cp312-musllinux_1_2_aarch64.whl", hash = "sha256:1ddde011e9bb2fa1abb816373bd8898d1a486cf4f4b13dc46a11ddcd57406e1b", size = 2032993, upload-time = "2025-05-05T13:45:48.831Z" },
    { url = "https://files.pythonhosted.org/packages/aa/46/f02ebadff9ddddbf9f930b78bf3011d038380c059a4b3e0395ed38894c42/grimp-3.9-cp312-cp312-musllinux_1_2_armv7l.whl", hash = "sha256:fa32eed6fb383ec4e54b4073e8ce75a5b151bb1f1d11be66be18aee04d3c9c4b", size = 2087494, upload-time = "2025-05-05T13:46:04.07Z" },
    { url = "https://files.pythonhosted.org/packages/c2/10/93c4d705126c3978b247a28f90510489f3f3cb477cbcf8a2a851cd18a0ae/grimp-3.9-cp312-cp312-musllinux_1_2_i686.whl", hash = "sha256:e9cc09977f8688839e0c9873fd214e11c971f5df38bffb31d402d04803dfff92", size = 2069454, upload-time = "2025-05-05T13:46:20.056Z" },
    { url = "https://files.pythonhosted.org/packages/eb/ae/2afb75600941f6e09cfb91762704e85a420678f5de6b97e1e2a34ad53e60/grimp-3.9-cp312-cp312-musllinux_1_2_x86_64.whl", hash = "sha256:3a732b461db86403aa3c8154ffab85d1964c8c6adaa763803ce260abbc504b6f", size = 2092176, upload-time = "2025-05-05T13:46:35.619Z" },
    { url = "https://files.pythonhosted.org/packages/51/de/c5b12fd191e39c9888a57be8d5a62892ee25fa5e61017d2b5835fbf28076/grimp-3.9-cp312-cp312-win32.whl", hash = "sha256:829d60b4c1c8c6bfb1c7348cf3e30b87f462a7d9316ced9d8265146a2153a0cd", size = 1494790, upload-time = "2025-05-05T13:47:01.642Z" },
    { url = "https://files.pythonhosted.org/packages/ef/31/3faf755b0cde71f1d3e7f6069d873586f9293930fadd3fca5f21c4ee35b8/grimp-3.9-cp312-cp312-win_amd64.whl", hash = "sha256:556ab4fbf943299fd90e467d481803b8e1a57d28c24af5867012559f51435ceb", size = 1598355, upload-time = "2025-05-05T13:46:53.461Z" },
    { url = "https://files.pythonhosted.org/packages/47/51/469735ff46942adace8b5723d4d64e81c8c14ab429c49b75d0421cfde9ca/grimp-3.9-cp313-cp313-macosx_10_12_x86_64.whl", hash = "sha256:867b476677b1d2f89b6c9ca0d7c47b279fe9d0230087f621c6aba94331411690", size = 1783474, upload-time = "2025-05-05T13:45:42.151Z" },
    { url = "https://files.pythonhosted.org/packages/11/8c/5647fb256216f7f7fd960a29ece28a736f859a80cc36793e103602b81828/grimp-3.9-cp313-cp313-macosx_11_0_arm64.whl", hash = "sha256:faf5dd2cc7012a6024e743976674d55e66c6e556eaffd30e5843a88cc4623c16", size = 1709699, upload-time = "2025-05-05T13:45:34.622Z" },
    { url = "https://files.pythonhosted.org/packages/26/40/b02a8226c80aa8130e583ae62e12563476d74b909944e80092fe73ba7f9b/grimp-3.9-cp313-cp313-manylinux_2_17_aarch64.manylinux2014_aarch64.whl", hash = "sha256:0ff6c0de2e9cffed8f7ec1a9c80888f01017806cfb9acf9c3d8fc3137a629d51", size = 1857628, upload-time = "2025-05-05T13:44:15.268Z" },
    { url = "https://files.pythonhosted.org/packages/b8/a0/936147329ceb0398c848fdb80a96d32805afccdd382772a9cd553c91b5ed/grimp-3.9-cp313-cp313-manylinux_2_17_armv7l.manylinux2014_armv7l.whl", hash = "sha256:e38f92a650756f9b00198991cb60c5e3add9d68475425fb4fe0960d1586660ce", size = 1822818, upload-time = "2025-05-05T13:44:29.895Z" },
    { url = "https://files.pythonhosted.org/packages/d5/44/afdd11a6ece8f801a0af8653adb6bfaa64d2652da564e9f53137392f4e8c/grimp-3.9-cp313-cp313-manylinux_2_17_i686.manylinux2014_i686.whl", hash = "sha256:f4e1ef77c7841b15d9f5002c767da1060ec42cb477fa7ae33d7f9dffb4705dc0", size = 1948678, upload-time = "2025-05-05T13:45:14.026Z" },
    { url = "https://files.pythonhosted.org/packages/4f/44/2b9ba423068f88a3ea177e0c5633afb0154f677885647dd5b98737fa56f6/grimp-3.9-cp313-cp313-manylinux_2_17_ppc64le.manylinux2014_ppc64le.whl", hash = "sha256:19a9bb0b05d1b0738920c604cdc544c9073df6edd71f31963054576647c8f897", size = 2025146, upload-time = "2025-05-05T13:44:44.044Z" },
    { url = "https://files.pythonhosted.org/packages/9b/7a/97fc0ecd9e91fe5bd18a01de7dc70c11fc8b06954ee83d82df306f14f644/grimp-3.9-cp313-cp313-manylinux_2_17_s390x.manylinux2014_s390x.whl", hash = "sha256:9f9d5e6182859900610f15704847897115707b28ca2c9b5c754ef3bef9adb485", size = 2118665, upload-time = "2025-05-05T13:44:59.385Z" },
    { url = "https://files.pythonhosted.org/packages/37/c4/fa75d6ffc4b87d9d920ec912b24f6af61aff8b26b0ebb0d8f5d8b2a66cc4/grimp-3.9-cp313-cp313-manylinux_2_17_x86_64.manylinux2014_x86_64.whl", hash = "sha256:b4e63efe9c2df2e8efe98142fa754ef9140e3aa3ce942ef55f52bb7a177a0822", size = 1921756, upload-time = "2025-05-05T13:45:24.356Z" },
    { url = "https://files.pythonhosted.org/packages/c6/43/af4590755aab31ffa1227a6560f34bfa575d1dc606dff6d3dc15b7200ced/grimp-3.9-cp313-cp313-musllinux_1_2_aarch64.whl", hash = "sha256:e204b17675763a7091fd5e8b7c58c83c8383505d90b6aea6a5e0d5bb737cb856", size = 2032640, upload-time = "2025-05-05T13:45:50.304Z" },
    { url = "https://files.pythonhosted.org/packages/06/d3/d627d9678f6074cc6bb614cfaa5208f352e32523cd26c61a282d6c07aadf/grimp-3.9-cp313-cp313-musllinux_1_2_armv7l.whl", hash = "sha256:15d23a90d34d3f94e5437c7bc29ad1b82d059ed9b039c84d6ef20d83b826ca88", size = 2086606, upload-time = "2025-05-05T13:46:06.064Z" },
    { url = "https://files.pythonhosted.org/packages/9e/ae/8ffa1377d45bca60a25d2120258b5d9738eb23c25eb8bb702dcffbe222d3/grimp-3.9-cp313-cp313-musllinux_1_2_i686.whl", hash = "sha256:04ed7f682ac07aee6e8cd99c1ea3d0ba26ea8167b71b4b79f05640982c1b1fa3", size = 2069295, upload-time = "2025-05-05T13:46:21.513Z" },
    { url = "https://files.pythonhosted.org/packages/d5/5a/f42bd065775927d47e7281f49bc85ccc639e97fba5842e6f348da8249acc/grimp-3.9-cp313-cp313-musllinux_1_2_x86_64.whl", hash = "sha256:75f33e7b98652ce17fc9a5d0dce0bc5f4ba68fd73a15f10dd4cd1ea511bab0c1", size = 2091251, upload-time = "2025-05-05T13:46:37.529Z" },
    { url = "https://files.pythonhosted.org/packages/4b/87/d35867fe1791450fe802d0dc6e04bfc7601c289357910455912c8c0e7a4b/grimp-3.9-cp313-cp313-win32.whl", hash = "sha256:72921d8727a508b34393a330748db91fca62fa506b86f5a4c457f713a6468c15", size = 1494320, upload-time = "2025-05-05T13:47:03.099Z" },
    { url = "https://files.pythonhosted.org/packages/95/c9/b25441ecb3b8a317d5cf5aee708a76adc7eb11e09ac2b7abf41a8e53effa/grimp-3.9-cp313-cp313-win_amd64.whl", hash = "sha256:cd65bc6d030d9d788a1794e01cdc3b4abce2971cc821e2e7dc02d09c45febc56", size = 1597627, upload-time = "2025-05-05T13:46:55.321Z" },
    { url = "https://files.pythonhosted.org/packages/86/e0/a906b3f8136b761b955e4a8b4576b648c53ae096d3af50ee3a69849df202/grimp-3.9-cp313-cp313t-manylinux_2_17_aarch64.manylinux2014_aarch64.whl", hash = "sha256:057d4f7e4b9f62909406701d5bab773b39e1fd8591043c6b19dba3ab3b275625", size = 1855680, upload-time = "2025-05-05T13:44:16.812Z" },
    { url = "https://files.pythonhosted.org/packages/14/ee/a9aa98f692feddee20463d2572d1ae7b7e274a2e66be9d8159e0c926fd8e/grimp-3.9-cp313-cp313t-manylinux_2_17_armv7l.manylinux2014_armv7l.whl", hash = "sha256:0c660f1222b7c11d725d298bce09b85376b0084d5515b8364a7a70c0547a0992", size = 1822232, upload-time = "2025-05-05T13:44:31.726Z" },
    { url = "https://files.pythonhosted.org/packages/6b/00/78c1cb3a2792d00ef3ecf5e2b4df92dc8faac92c71755c05ba160b1beddf/grimp-3.9-cp313-cp313t-manylinux_2_17_ppc64le.manylinux2014_ppc64le.whl", hash = "sha256:78662f2c0ae4e7ff3eacff051e6b3110ed026135545a1825a53a858d4e966ebb", size = 2022814, upload-time = "2025-05-05T13:44:45.458Z" },
    { url = "https://files.pythonhosted.org/packages/fd/4f/2fde4f9b3cde995af35bef9b7496d8e76f661ac2b747caa69d5d62cc34a2/grimp-3.9-cp313-cp313t-manylinux_2_17_s390x.manylinux2014_s390x.whl", hash = "sha256:1b57b20f51ce7765adaffd80b3a17a365b770a5d237a772a2a8a74cc19c186f2", size = 2118021, upload-time = "2025-05-05T13:45:00.758Z" },
    { url = "https://files.pythonhosted.org/packages/bc/e0/9a7a56bc8b2789cae9d4fa32a809e060ddeb681dec84d8344a48f9b10298/grimp-3.9-cp313-cp313t-musllinux_1_2_aarch64.whl", hash = "sha256:335511ad698e2a7d6e15dccdb843afc6ad4bde79f213479c799f67c98ce36002", size = 2031477, upload-time = "2025-05-05T13:45:51.908Z" },
    { url = "https://files.pythonhosted.org/packages/89/fc/63bb580ccbd015a37ff3f0841f17957f14e3cfee096b94837e2f43f7c422/grimp-3.9-cp313-cp313t-musllinux_1_2_armv7l.whl", hash = "sha256:574c94895d4fcac2e5ae794636fe687fb80b9ca59fe3bb8458d7a64bc3b3ed9e", size = 2086058, upload-time = "2025-05-05T13:46:07.948Z" },
    { url = "https://files.pythonhosted.org/packages/02/ad/8a90b922b52525279c3eb22d578b6b2580fafffed9e48ff788cceb34ef62/grimp-3.9-cp313-cp313t-musllinux_1_2_i686.whl", hash = "sha256:84c95f9df61ddaffd8f41a4181aa652f3fdf9932b26634cd8273d4dcd926321e", size = 2068266, upload-time = "2025-05-05T13:46:22.971Z" },
    { url = "https://files.pythonhosted.org/packages/34/b2/056fd4642637cd4627d59ccf2be3f62dd41b8da98e49300eeecd8d4faaa5/grimp-3.9-cp313-cp313t-musllinux_1_2_x86_64.whl", hash = "sha256:9ddcbfd11d6e6b813121db1116f6b3c4930ab433a949522b5e80542c5da3d805", size = 2092059, upload-time = "2025-05-05T13:46:41.095Z" },
    { url = "https://files.pythonhosted.org/packages/8b/f5/ee0e6b245cab13ee1dbe2799238db1e0e25ecfd88dfd48adb9fe93457804/grimp-3.9-cp39-cp39-macosx_10_12_x86_64.whl", hash = "sha256:5de1aedb52351f23f7a70cff66c16feacfd69567fb1cac04a9b0ea321760f2f5", size = 1787899, upload-time = "2025-05-05T13:45:44.039Z" },
    { url = "https://files.pythonhosted.org/packages/8f/59/708e8d02fddfcc2b068ebad9e817064bb804719fb99bcd8ed73db2bb710a/grimp-3.9-cp39-cp39-macosx_11_0_arm64.whl", hash = "sha256:44e6785aed2dcce003900f41798c21ae8c6f5899f36e304870a86a75ade18a0d", size = 1713356, upload-time = "2025-05-05T13:45:36.183Z" },
    { url = "https://files.pythonhosted.org/packages/5e/85/81c37806727da1be4111a1b75c09d3b171849de1f3d92b3b2567be6488da/grimp-3.9-cp39-cp39-manylinux_2_17_aarch64.manylinux2014_aarch64.whl", hash = "sha256:bbf998acdfa7ed87a70b0eba44cb240aec0273dc087f132c72ed1ad583625313", size = 1859956, upload-time = "2025-05-05T13:44:18.591Z" },
    { url = "https://files.pythonhosted.org/packages/f6/df/87f33a54069d80412666e0b32f7e4688b6fed9662cef38c4fb2f9d514c08/grimp-3.9-cp39-cp39-manylinux_2_17_armv7l.manylinux2014_armv7l.whl", hash = "sha256:751304b8de0525c1276299f72cd81df04367438cdb384ea7df98753f11e4342b", size = 1823887, upload-time = "2025-05-05T13:44:33.122Z" },
    { url = "https://files.pythonhosted.org/packages/90/3a/0fd086d705661b5790d81c477520af24f4a4599dcd8c6fb6dcb9b766bd64/grimp-3.9-cp39-cp39-manylinux_2_17_i686.manylinux2014_i686.whl", hash = "sha256:72675e36675479df1f933cff4969adb480037c0155461b6944d030bd83c46deb", size = 1950883, upload-time = "2025-05-05T13:45:15.378Z" },
    { url = "https://files.pythonhosted.org/packages/29/fc/c1c945b145718ec2c00b0dd57bd73db76f00f3c83aed278fbdc347c9dc4d/grimp-3.9-cp39-cp39-manylinux_2_17_ppc64le.manylinux2014_ppc64le.whl", hash = "sha256:8a45d6042b9cabc4df9817745a531b746c0ead456550928219c7642ec05dd222", size = 2027591, upload-time = "2025-05-05T13:44:46.983Z" },
    { url = "https://files.pythonhosted.org/packages/e5/27/3f8cfebf361dbb986d3651464bc830fc0cc0c45ac3ec698078e4974c28bb/grimp-3.9-cp39-cp39-manylinux_2_17_s390x.manylinux2014_s390x.whl", hash = "sha256:c9a61fd84e01ce5d4ca150494c614cc4db2a6c974d454bca7f169dd03d52f741", size = 2121756, upload-time = "2025-05-05T13:45:02.547Z" },
    { url = "https://files.pythonhosted.org/packages/b8/e4/8faa63bd0fc3c0235895bf957995c04befb7f98b9369f441ac914ac2a94f/grimp-3.9-cp39-cp39-manylinux_2_17_x86_64.manylinux2014_x86_64.whl", hash = "sha256:3c8bd22361a9cc5f602d9386ee271c260493dfab68a21c7f61ee5227c4407b7d", size = 1925260, upload-time = "2025-05-05T13:45:25.775Z" },
    { url = "https://files.pythonhosted.org/packages/23/fb/63e7211664beb6cfaff6c5996f6c6fe57bf390c4dc48d43b7916c2160378/grimp-3.9-cp39-cp39-musllinux_1_2_aarch64.whl", hash = "sha256:1d08a71a2d794f4c4fd891f96f6a37e8e83e562aa078f72eaaa3ca07ee8ab550", size = 2034179, upload-time = "2025-05-05T13:45:53.27Z" },
    { url = "https://files.pythonhosted.org/packages/e3/fc/27a0b3154f4809fb45cad232633dd7b5adf93208beeeae5b126ad8335c63/grimp-3.9-cp39-cp39-musllinux_1_2_armv7l.whl", hash = "sha256:f32902b833c9ef9208f2c62975ba234ab4204e7a6f79f919bde6dc2fc589531b", size = 2088199, upload-time = "2025-05-05T13:46:09.402Z" },
    { url = "https://files.pythonhosted.org/packages/5c/61/6f85665247bf5460c64eb567c2d63c29ad1f7317103623e40c1cf873dd21/grimp-3.9-cp39-cp39-musllinux_1_2_i686.whl", hash = "sha256:11aafe1cbeb263a9a9f592feb957929bf7e7cef77a315ac3a13f9692eb8b16b1", size = 2070934, upload-time = "2025-05-05T13:46:24.483Z" },
    { url = "https://files.pythonhosted.org/packages/78/98/2dd57ab2010406fda3b459ed48a924b3f6e9102360d6a056b0397958f18c/grimp-3.9-cp39-cp39-musllinux_1_2_x86_64.whl", hash = "sha256:bf316209ec7e2e46506e1ce3223b473f9869d01e88c6f01f78198434dd987bd5", size = 2095119, upload-time = "2025-05-05T13:46:43.232Z" },
    { url = "https://files.pythonhosted.org/packages/00/e6/85146394715208b491dd9a4a6c5547ba41d76b104192afdcb237a5f09487/grimp-3.9-cp39-cp39-win32.whl", hash = "sha256:156d76ad1b2ac8967af0962909fda251e3f14a3ab2ee453a66ab12cf0186d3c4", size = 1496092, upload-time = "2025-05-05T13:47:04.543Z" },
    { url = "https://files.pythonhosted.org/packages/f4/7b/48961484b01d780cc90ca505373d96af2ad3578b0dafd11043a3ed9d63eb/grimp-3.9-cp39-cp39-win_amd64.whl", hash = "sha256:6f66c9d037f4adeb30ea083da4e2a5d77411107ea86e488706864817e7663a76", size = 1598968, upload-time = "2025-05-05T13:46:56.77Z" },
    { url = "https://files.pythonhosted.org/packages/8b/49/b887b8e2ec2036407f4eae4abb458a255b0f06184027e9f94f8942ce14f9/grimp-3.9-pp310-pypy310_pp73-manylinux_2_17_aarch64.manylinux2014_aarch64.whl", hash = "sha256:c10a8dadb7094a4d437da37ad9c4782eb3d08c52b8e80aa9a9cfbf0d0d289203", size = 1860688, upload-time = "2025-05-05T13:44:20.351Z" },
    { url = "https://files.pythonhosted.org/packages/30/e8/0eb0ab4c4e98b2cdad3a79b97aebee1bddb7ad46369244cb3b68bd204c44/grimp-3.9-pp310-pypy310_pp73-manylinux_2_17_armv7l.manylinux2014_armv7l.whl", hash = "sha256:c9e86bc544056385041f9e5ff4f061fa88209219cee5689aa564d995ecb0bfe8", size = 1823705, upload-time = "2025-05-05T13:44:34.523Z" },
    { url = "https://files.pythonhosted.org/packages/64/31/4d69c96eb90cccdd093d522ada9d2eb40c546765a8e0f31765b2e594c0d7/grimp-3.9-pp310-pypy310_pp73-manylinux_2_17_i686.manylinux2014_i686.whl", hash = "sha256:94414e7c29117cc6bc92a68bc2fe81ad3c80469c410c6c7da14db10fb814b66c", size = 1951108, upload-time = "2025-05-05T13:45:16.831Z" },
    { url = "https://files.pythonhosted.org/packages/6a/0c/a60137fead00d71779fe30eab44578942d4fe7f0821e19d12180a3691cfe/grimp-3.9-pp310-pypy310_pp73-manylinux_2_17_ppc64le.manylinux2014_ppc64le.whl", hash = "sha256:c637b9f58e4a4a9265b3c1db5ff30d285495412b5baeeede676443c0bd9cb75b", size = 2025453, upload-time = "2025-05-05T13:44:48.8Z" },
    { url = "https://files.pythonhosted.org/packages/bc/26/a95e02e3457e3ebb22372554bd2b296ae0b3166e4ef602fa21c9ac34384c/grimp-3.9-pp310-pypy310_pp73-manylinux_2_17_s390x.manylinux2014_s390x.whl", hash = "sha256:e10be6c463ac6f519f5b9a047e57292f00162d750c61bbb19df8d0ef23144c71", size = 2122981, upload-time = "2025-05-05T13:45:03.936Z" },
    { url = "https://files.pythonhosted.org/packages/07/1b/d7a1c15c2fd5a464efcd562158a0ccfe12242abed2c6557b63a63671540d/grimp-3.9-pp310-pypy310_pp73-manylinux_2_17_x86_64.manylinux2014_x86_64.whl", hash = "sha256:6217f7bc2a2227bd0c7baaf2c84fee2e1fa504535838a58684675fcb1d05a144", size = 1924442, upload-time = "2025-05-05T13:45:27.217Z" },
    { url = "https://files.pythonhosted.org/packages/7a/65/eb2e72fc3d41b56db636ac23792869410d18df294e48ab607c8573584d0d/grimp-3.9-pp310-pypy310_pp73-musllinux_1_2_aarch64.whl", hash = "sha256:2d6a2aa5e72a6b24b1df0904e0b73be3be037ac395a0f7c41c753cd1be21d0be", size = 2034167, upload-time = "2025-05-05T13:45:54.78Z" },
    { url = "https://files.pythonhosted.org/packages/31/fa/2d0954cd88e711c3a00e9137e24a75adb38536f336debca492d4530545b1/grimp-3.9-pp310-pypy310_pp73-musllinux_1_2_armv7l.whl", hash = "sha256:8e7dceec0c9651b3cbefe3bc59eaec6c74054d862630458db46e0be5bdbbbc85", size = 2087540, upload-time = "2025-05-05T13:46:11.004Z" },
    { url = "https://files.pythonhosted.org/packages/1d/dc/90309a48eae755e5c46c671e73aaa4b4c8b4f07c641dfa1edcfc12343923/grimp-3.9-pp310-pypy310_pp73-musllinux_1_2_i686.whl", hash = "sha256:b6dbdb37c85d335e035db7670da118d12a9ea09662fe74a667706f6dda36d6dd", size = 2070123, upload-time = "2025-05-05T13:46:27.326Z" },
    { url = "https://files.pythonhosted.org/packages/c6/79/706ae2b80a8c8f7802e3f56d1aefdc725d5b8daa944c6dd31346fc6733cc/grimp-3.9-pp310-pypy310_pp73-musllinux_1_2_x86_64.whl", hash = "sha256:8125134fca3b89608efae89b82e2ab2156619492e26af6cb8d90e862d31b345e", size = 2093874, upload-time = "2025-05-05T13:46:44.721Z" },
    { url = "https://files.pythonhosted.org/packages/c0/00/8b5a959654294d9d0c9878c9b476ab7f674c0618bdf50f5edcd1152f3ee0/grimp-3.9-pp311-pypy311_pp73-manylinux_2_17_aarch64.manylinux2014_aarch64.whl", hash = "sha256:61b9069230b38f50fe85adba1037a8c9abfb21d2e219ba7ee76e045b3ff2b119", size = 1860668, upload-time = "2025-05-05T13:44:22.232Z" },
    { url = "https://files.pythonhosted.org/packages/05/0c/9b8f3ed18a8762f44cea48eacc0be37f48c2418359369267ad5db2679726/grimp-3.9-pp311-pypy311_pp73-manylinux_2_17_armv7l.manylinux2014_armv7l.whl", hash = "sha256:c2bda4243558d3ddd349a135c3444ef20d6778471316bbe8e5ca84ffc7a97447", size = 1823560, upload-time = "2025-05-05T13:44:36.389Z" },
    { url = "https://files.pythonhosted.org/packages/ae/e4/a085f1e96cfd88808ce921b82ff89bccf74b62f891179cd4de8c2fd13344/grimp-3.9-pp311-pypy311_pp73-manylinux_2_17_i686.manylinux2014_i686.whl", hash = "sha256:f9711f25ad6c03f33c14b158c4c83beaf906d544026a575f4aadd8dbd9d30594", size = 1951719, upload-time = "2025-05-05T13:45:18.263Z" },
    { url = "https://files.pythonhosted.org/packages/94/65/cb48725c7b8e796bf00096cde760188524c2774847dd2d70d536eb4bd72a/grimp-3.9-pp311-pypy311_pp73-manylinux_2_17_ppc64le.manylinux2014_ppc64le.whl", hash = "sha256:642139de62d81650fcf3130a68fc1a6db2e244a2c02d84ff98e6b73d70588de1", size = 2025839, upload-time = "2025-05-05T13:44:50.659Z" },
    { url = "https://files.pythonhosted.org/packages/05/ce/6c269e183a8d8fa7f9bfe36ac255101db32c9bae1a03eb24549665cfed45/grimp-3.9-pp311-pypy311_pp73-manylinux_2_17_s390x.manylinux2014_s390x.whl", hash = "sha256:33b819a79171d8707583b40d3fc658f16758339da19496f0a49ae856cf904104", size = 2122204, upload-time = "2025-05-05T13:45:05.335Z" },
    { url = "https://files.pythonhosted.org/packages/34/d4/4f5a53ba6bc804fbf8be67625e19a7e8534755a0bfb133a7ec7d205ac6ce/grimp-3.9-pp311-pypy311_pp73-manylinux_2_17_x86_64.manylinux2014_x86_64.whl", hash = "sha256:0ff48e80a2c1ffde2c0b5b6e0a1f178058090f3d0e25b3ae1f2f00a9fb38a2fe", size = 1924366, upload-time = "2025-05-05T13:45:28.624Z" },
    { url = "https://files.pythonhosted.org/packages/6c/92/d71cbd0558ecda8f49e71725e0f4dd0012545daa44ab1facec74ae0476ad/grimp-3.9-pp311-pypy311_pp73-musllinux_1_2_aarch64.whl", hash = "sha256:e087b54eb1b8b6d3171d986dbfdd9ad7d73df1944dfaa55d08d3c66b33c94638", size = 2033898, upload-time = "2025-05-05T13:45:56.428Z" },
    { url = "https://files.pythonhosted.org/packages/87/4a/13ed61a64f94dbc1c472a357599083facb3ac8c6badbee04a7ab6d774be6/grimp-3.9-pp311-pypy311_pp73-musllinux_1_2_armv7l.whl", hash = "sha256:a9c3bd888ea57dca279765078facba2d4ed460a2f19850190df6b1e5e498aef3", size = 2087783, upload-time = "2025-05-05T13:46:12.739Z" },
    { url = "https://files.pythonhosted.org/packages/88/39/db89f809f70c941714bff4e64ab5469ccda2954fb70a4c9abcf8aed15643/grimp-3.9-pp311-pypy311_pp73-musllinux_1_2_i686.whl", hash = "sha256:5392b4f863dca505a6801af8be738228cdce5f1c71d90f7f8efba2cdc2f1a1cb", size = 2070188, upload-time = "2025-05-05T13:46:28.861Z" },
    { url = "https://files.pythonhosted.org/packages/86/52/b6bbef2d40d0ec7bed990996da67b68d507bc2ee2e2e34930c64b1ebd7d7/grimp-3.9-pp311-pypy311_pp73-musllinux_1_2_x86_64.whl", hash = "sha256:7719cb213aacad7d0e6d69a9be4f998133d9b9ad3fa873b07dfaa221131ac2dc", size = 2093646, upload-time = "2025-05-05T13:46:46.179Z" },
    { url = "https://files.pythonhosted.org/packages/83/9e/4c92f0b80b53427fa85496d26d94b3091ec13816d1711cd6309c2ac199d7/grimp-3.9-pp39-pypy39_pp73-manylinux_2_17_aarch64.manylinux2014_aarch64.whl", hash = "sha256:39e0fdc42b55954e26c595e7c9ac477218d4a342024b198d90ab76ec82263065", size = 1861932, upload-time = "2025-05-05T13:44:23.985Z" },
    { url = "https://files.pythonhosted.org/packages/4f/80/42e9c1f7acbd50f57af816ad88b127bee5cbd649f0b693a882d9e818add1/grimp-3.9-pp39-pypy39_pp73-manylinux_2_17_armv7l.manylinux2014_armv7l.whl", hash = "sha256:99eb44ecb368c0f224247697298182db1858b1142e612a13f6e251acbe27d2ac", size = 1823755, upload-time = "2025-05-05T13:44:38.166Z" },
    { url = "https://files.pythonhosted.org/packages/8a/1e/953731b41169e4cff0e51fef9b224804e16e23331079be365daf0eb0c577/grimp-3.9-pp39-pypy39_pp73-manylinux_2_17_ppc64le.manylinux2014_ppc64le.whl", hash = "sha256:0e4c3766190e1e21d80f368e4a8c48d306fd4ba568ad6168947d39b2d1edd029", size = 2026759, upload-time = "2025-05-05T13:44:52.483Z" },
    { url = "https://files.pythonhosted.org/packages/64/a8/deb495a8031eeeb21c1979151197dd2b1f399305eb5ddaccd853a77ff676/grimp-3.9-pp39-pypy39_pp73-manylinux_2_17_s390x.manylinux2014_s390x.whl", hash = "sha256:8cb92110ded311474b90f30acef51fd23b458c89252ce5a41a1933f39ad8abf7", size = 2123616, upload-time = "2025-05-05T13:45:07.327Z" },
    { url = "https://files.pythonhosted.org/packages/bc/8d/3c5cfe5522301f4f6b4535b82f5a557351a1345c40eb476131dde0e15b10/grimp-3.9-pp39-pypy39_pp73-musllinux_1_2_aarch64.whl", hash = "sha256:badfc77336e950d3c40ff1338fe32bf603c0afebd7582cbfb34905eb4f85fca1", size = 2035344, upload-time = "2025-05-05T13:45:58.067Z" },
    { url = "https://files.pythonhosted.org/packages/35/cf/759cb85f39d570a8bfa7d422d6eb3e091df01dd1c65606fe513be8a4fde5/grimp-3.9-pp39-pypy39_pp73-musllinux_1_2_armv7l.whl", hash = "sha256:1ddd50c4f62196adcb14999ec49381a41f8404ea166e4d25afb8f944ebaa1728", size = 2087633, upload-time = "2025-05-05T13:46:14.48Z" },
    { url = "https://files.pythonhosted.org/packages/7d/33/9594d5889cc40a89530e421ded39a6012aef8047ee91a00bde9b6de3559d/grimp-3.9-pp39-pypy39_pp73-musllinux_1_2_i686.whl", hash = "sha256:b994de7d526825bbfc51d1bf1e4ce6037acf0b6a264422029d02adb591575e28", size = 2070577, upload-time = "2025-05-05T13:46:30.784Z" },
    { url = "https://files.pythonhosted.org/packages/98/66/0be688e246ee48e1ceb49af413da5abb99f000b466399b4991a953c8c276/grimp-3.9-pp39-pypy39_pp73-musllinux_1_2_x86_64.whl", hash = "sha256:434b53437fd06071e94db6c2979b686e14d5995dc7c2ca3fe0793ef489c427da", size = 2095219, upload-time = "2025-05-05T13:46:47.57Z" },
]

[[package]]
name = "import-linter"
version = "2.3"
source = { editable = "." }
dependencies = [
    { name = "click", version = "8.1.8", source = { registry = "https://pypi.org/simple" }, marker = "python_full_version < '3.10'" },
    { name = "click", version = "8.2.1", source = { registry = "https://pypi.org/simple" }, marker = "python_full_version >= '3.10'" },
    { name = "grimp" },
    { name = "tomli", marker = "python_full_version < '3.11'" },
    { name = "typing-extensions" },
]

[package.metadata]
requires-dist = [
    { name = "click", specifier = ">=6" },
    { name = "grimp", specifier = ">=3.7" },
    { name = "tomli", marker = "python_full_version < '3.11'", specifier = ">=1.2.1" },
    { name = "typing-extensions", specifier = ">=3.10.0.0" },
]

[[package]]
name = "joblib"
version = "1.5.1"
source = { registry = "https://pypi.org/simple" }
sdist = { url = "https://files.pythonhosted.org/packages/dc/fe/0f5a938c54105553436dbff7a61dc4fed4b1b2c98852f8833beaf4d5968f/joblib-1.5.1.tar.gz", hash = "sha256:f4f86e351f39fe3d0d32a9f2c3d8af1ee4cec285aafcb27003dda5205576b444", size = 330475, upload-time = "2025-05-23T12:04:37.097Z" }
wheels = [
    { url = "https://files.pythonhosted.org/packages/7d/4f/1195bbac8e0c2acc5f740661631d8d750dc38d4a32b23ee5df3cde6f4e0d/joblib-1.5.1-py3-none-any.whl", hash = "sha256:4719a31f054c7d766948dcd83e9613686b27114f190f717cec7eaa2084f8a74a", size = 307746, upload-time = "2025-05-23T12:04:35.124Z" },
]

[[package]]
name = "tomli"
version = "2.2.1"
source = { registry = "https://pypi.org/simple" }
sdist = { url = "https://files.pythonhosted.org/packages/18/87/302344fed471e44a87289cf4967697d07e532f2421fdaf868a303cbae4ff/tomli-2.2.1.tar.gz", hash = "sha256:cd45e1dc79c835ce60f7404ec8119f2eb06d38b1deba146f07ced3bbc44505ff", size = 17175, upload-time = "2024-11-27T22:38:36.873Z" }
wheels = [
    { url = "https://files.pythonhosted.org/packages/43/ca/75707e6efa2b37c77dadb324ae7d9571cb424e61ea73fad7c56c2d14527f/tomli-2.2.1-cp311-cp311-macosx_10_9_x86_64.whl", hash = "sha256:678e4fa69e4575eb77d103de3df8a895e1591b48e740211bd1067378c69e8249", size = 131077, upload-time = "2024-11-27T22:37:54.956Z" },
    { url = "https://files.pythonhosted.org/packages/c7/16/51ae563a8615d472fdbffc43a3f3d46588c264ac4f024f63f01283becfbb/tomli-2.2.1-cp311-cp311-macosx_11_0_arm64.whl", hash = "sha256:023aa114dd824ade0100497eb2318602af309e5a55595f76b626d6d9f3b7b0a6", size = 123429, upload-time = "2024-11-27T22:37:56.698Z" },
    { url = "https://files.pythonhosted.org/packages/f1/dd/4f6cd1e7b160041db83c694abc78e100473c15d54620083dbd5aae7b990e/tomli-2.2.1-cp311-cp311-manylinux_2_17_aarch64.manylinux2014_aarch64.whl", hash = "sha256:ece47d672db52ac607a3d9599a9d48dcb2f2f735c6c2d1f34130085bb12b112a", size = 226067, upload-time = "2024-11-27T22:37:57.63Z" },
    { url = "https://files.pythonhosted.org/packages/a9/6b/c54ede5dc70d648cc6361eaf429304b02f2871a345bbdd51e993d6cdf550/tomli-2.2.1-cp311-cp311-manylinux_2_17_x86_64.manylinux2014_x86_64.whl", hash = "sha256:6972ca9c9cc9f0acaa56a8ca1ff51e7af152a9f87fb64623e31d5c83700080ee", size = 236030, upload-time = "2024-11-27T22:37:59.344Z" },
    { url = "https://files.pythonhosted.org/packages/1f/47/999514fa49cfaf7a92c805a86c3c43f4215621855d151b61c602abb38091/tomli-2.2.1-cp311-cp311-manylinux_2_5_i686.manylinux1_i686.manylinux_2_17_i686.manylinux2014_i686.whl", hash = "sha256:c954d2250168d28797dd4e3ac5cf812a406cd5a92674ee4c8f123c889786aa8e", size = 240898, upload-time = "2024-11-27T22:38:00.429Z" },
    { url = "https://files.pythonhosted.org/packages/73/41/0a01279a7ae09ee1573b423318e7934674ce06eb33f50936655071d81a24/tomli-2.2.1-cp311-cp311-musllinux_1_2_aarch64.whl", hash = "sha256:8dd28b3e155b80f4d54beb40a441d366adcfe740969820caf156c019fb5c7ec4", size = 229894, upload-time = "2024-11-27T22:38:02.094Z" },
    { url = "https://files.pythonhosted.org/packages/55/18/5d8bc5b0a0362311ce4d18830a5d28943667599a60d20118074ea1b01bb7/tomli-2.2.1-cp311-cp311-musllinux_1_2_i686.whl", hash = "sha256:e59e304978767a54663af13c07b3d1af22ddee3bb2fb0618ca1593e4f593a106", size = 245319, upload-time = "2024-11-27T22:38:03.206Z" },
    { url = "https://files.pythonhosted.org/packages/92/a3/7ade0576d17f3cdf5ff44d61390d4b3febb8a9fc2b480c75c47ea048c646/tomli-2.2.1-cp311-cp311-musllinux_1_2_x86_64.whl", hash = "sha256:33580bccab0338d00994d7f16f4c4ec25b776af3ffaac1ed74e0b3fc95e885a8", size = 238273, upload-time = "2024-11-27T22:38:04.217Z" },
    { url = "https://files.pythonhosted.org/packages/72/6f/fa64ef058ac1446a1e51110c375339b3ec6be245af9d14c87c4a6412dd32/tomli-2.2.1-cp311-cp311-win32.whl", hash = "sha256:465af0e0875402f1d226519c9904f37254b3045fc5084697cefb9bdde1ff99ff", size = 98310, upload-time = "2024-11-27T22:38:05.908Z" },
    { url = "https://files.pythonhosted.org/packages/6a/1c/4a2dcde4a51b81be3530565e92eda625d94dafb46dbeb15069df4caffc34/tomli-2.2.1-cp311-cp311-win_amd64.whl", hash = "sha256:2d0f2fdd22b02c6d81637a3c95f8cd77f995846af7414c5c4b8d0545afa1bc4b", size = 108309, upload-time = "2024-11-27T22:38:06.812Z" },
    { url = "https://files.pythonhosted.org/packages/52/e1/f8af4c2fcde17500422858155aeb0d7e93477a0d59a98e56cbfe75070fd0/tomli-2.2.1-cp312-cp312-macosx_10_13_x86_64.whl", hash = "sha256:4a8f6e44de52d5e6c657c9fe83b562f5f4256d8ebbfe4ff922c495620a7f6cea", size = 132762, upload-time = "2024-11-27T22:38:07.731Z" },
    { url = "https://files.pythonhosted.org/packages/03/b8/152c68bb84fc00396b83e7bbddd5ec0bd3dd409db4195e2a9b3e398ad2e3/tomli-2.2.1-cp312-cp312-macosx_11_0_arm64.whl", hash = "sha256:8d57ca8095a641b8237d5b079147646153d22552f1c637fd3ba7f4b0b29167a8", size = 123453, upload-time = "2024-11-27T22:38:09.384Z" },
    { url = "https://files.pythonhosted.org/packages/c8/d6/fc9267af9166f79ac528ff7e8c55c8181ded34eb4b0e93daa767b8841573/tomli-2.2.1-cp312-cp312-manylinux_2_17_aarch64.manylinux2014_aarch64.whl", hash = "sha256:4e340144ad7ae1533cb897d406382b4b6fede8890a03738ff1683af800d54192", size = 233486, upload-time = "2024-11-27T22:38:10.329Z" },
    { url = "https://files.pythonhosted.org/packages/5c/51/51c3f2884d7bab89af25f678447ea7d297b53b5a3b5730a7cb2ef6069f07/tomli-2.2.1-cp312-cp312-manylinux_2_17_x86_64.manylinux2014_x86_64.whl", hash = "sha256:db2b95f9de79181805df90bedc5a5ab4c165e6ec3fe99f970d0e302f384ad222", size = 242349, upload-time = "2024-11-27T22:38:11.443Z" },
    { url = "https://files.pythonhosted.org/packages/ab/df/bfa89627d13a5cc22402e441e8a931ef2108403db390ff3345c05253935e/tomli-2.2.1-cp312-cp312-manylinux_2_5_i686.manylinux1_i686.manylinux_2_17_i686.manylinux2014_i686.whl", hash = "sha256:40741994320b232529c802f8bc86da4e1aa9f413db394617b9a256ae0f9a7f77", size = 252159, upload-time = "2024-11-27T22:38:13.099Z" },
    { url = "https://files.pythonhosted.org/packages/9e/6e/fa2b916dced65763a5168c6ccb91066f7639bdc88b48adda990db10c8c0b/tomli-2.2.1-cp312-cp312-musllinux_1_2_aarch64.whl", hash = "sha256:400e720fe168c0f8521520190686ef8ef033fb19fc493da09779e592861b78c6", size = 237243, upload-time = "2024-11-27T22:38:14.766Z" },
    { url = "https://files.pythonhosted.org/packages/b4/04/885d3b1f650e1153cbb93a6a9782c58a972b94ea4483ae4ac5cedd5e4a09/tomli-2.2.1-cp312-cp312-musllinux_1_2_i686.whl", hash = "sha256:02abe224de6ae62c19f090f68da4e27b10af2b93213d36cf44e6e1c5abd19fdd", size = 259645, upload-time = "2024-11-27T22:38:15.843Z" },
    { url = "https://files.pythonhosted.org/packages/9c/de/6b432d66e986e501586da298e28ebeefd3edc2c780f3ad73d22566034239/tomli-2.2.1-cp312-cp312-musllinux_1_2_x86_64.whl", hash = "sha256:b82ebccc8c8a36f2094e969560a1b836758481f3dc360ce9a3277c65f374285e", size = 244584, upload-time = "2024-11-27T22:38:17.645Z" },
    { url = "https://files.pythonhosted.org/packages/1c/9a/47c0449b98e6e7d1be6cbac02f93dd79003234ddc4aaab6ba07a9a7482e2/tomli-2.2.1-cp312-cp312-win32.whl", hash = "sha256:889f80ef92701b9dbb224e49ec87c645ce5df3fa2cc548664eb8a25e03127a98", size = 98875, upload-time = "2024-11-27T22:38:19.159Z" },
    { url = "https://files.pythonhosted.org/packages/ef/60/9b9638f081c6f1261e2688bd487625cd1e660d0a85bd469e91d8db969734/tomli-2.2.1-cp312-cp312-win_amd64.whl", hash = "sha256:7fc04e92e1d624a4a63c76474610238576942d6b8950a2d7f908a340494e67e4", size = 109418, upload-time = "2024-11-27T22:38:20.064Z" },
    { url = "https://files.pythonhosted.org/packages/04/90/2ee5f2e0362cb8a0b6499dc44f4d7d48f8fff06d28ba46e6f1eaa61a1388/tomli-2.2.1-cp313-cp313-macosx_10_13_x86_64.whl", hash = "sha256:f4039b9cbc3048b2416cc57ab3bda989a6fcf9b36cf8937f01a6e731b64f80d7", size = 132708, upload-time = "2024-11-27T22:38:21.659Z" },
    { url = "https://files.pythonhosted.org/packages/c0/ec/46b4108816de6b385141f082ba99e315501ccd0a2ea23db4a100dd3990ea/tomli-2.2.1-cp313-cp313-macosx_11_0_arm64.whl", hash = "sha256:286f0ca2ffeeb5b9bd4fcc8d6c330534323ec51b2f52da063b11c502da16f30c", size = 123582, upload-time = "2024-11-27T22:38:22.693Z" },
    { url = "https://files.pythonhosted.org/packages/a0/bd/b470466d0137b37b68d24556c38a0cc819e8febe392d5b199dcd7f578365/tomli-2.2.1-cp313-cp313-manylinux_2_17_aarch64.manylinux2014_aarch64.whl", hash = "sha256:a92ef1a44547e894e2a17d24e7557a5e85a9e1d0048b0b5e7541f76c5032cb13", size = 232543, upload-time = "2024-11-27T22:38:24.367Z" },
    { url = "https://files.pythonhosted.org/packages/d9/e5/82e80ff3b751373f7cead2815bcbe2d51c895b3c990686741a8e56ec42ab/tomli-2.2.1-cp313-cp313-manylinux_2_17_x86_64.manylinux2014_x86_64.whl", hash = "sha256:9316dc65bed1684c9a98ee68759ceaed29d229e985297003e494aa825ebb0281", size = 241691, upload-time = "2024-11-27T22:38:26.081Z" },
    { url = "https://files.pythonhosted.org/packages/05/7e/2a110bc2713557d6a1bfb06af23dd01e7dde52b6ee7dadc589868f9abfac/tomli-2.2.1-cp313-cp313-manylinux_2_5_i686.manylinux1_i686.manylinux_2_17_i686.manylinux2014_i686.whl", hash = "sha256:e85e99945e688e32d5a35c1ff38ed0b3f41f43fad8df0bdf79f72b2ba7bc5272", size = 251170, upload-time = "2024-11-27T22:38:27.921Z" },
    { url = "https://files.pythonhosted.org/packages/64/7b/22d713946efe00e0adbcdfd6d1aa119ae03fd0b60ebed51ebb3fa9f5a2e5/tomli-2.2.1-cp313-cp313-musllinux_1_2_aarch64.whl", hash = "sha256:ac065718db92ca818f8d6141b5f66369833d4a80a9d74435a268c52bdfa73140", size = 236530, upload-time = "2024-11-27T22:38:29.591Z" },
    { url = "https://files.pythonhosted.org/packages/38/31/3a76f67da4b0cf37b742ca76beaf819dca0ebef26d78fc794a576e08accf/tomli-2.2.1-cp313-cp313-musllinux_1_2_i686.whl", hash = "sha256:d920f33822747519673ee656a4b6ac33e382eca9d331c87770faa3eef562aeb2", size = 258666, upload-time = "2024-11-27T22:38:30.639Z" },
    { url = "https://files.pythonhosted.org/packages/07/10/5af1293da642aded87e8a988753945d0cf7e00a9452d3911dd3bb354c9e2/tomli-2.2.1-cp313-cp313-musllinux_1_2_x86_64.whl", hash = "sha256:a198f10c4d1b1375d7687bc25294306e551bf1abfa4eace6650070a5c1ae2744", size = 243954, upload-time = "2024-11-27T22:38:31.702Z" },
    { url = "https://files.pythonhosted.org/packages/5b/b9/1ed31d167be802da0fc95020d04cd27b7d7065cc6fbefdd2f9186f60d7bd/tomli-2.2.1-cp313-cp313-win32.whl", hash = "sha256:d3f5614314d758649ab2ab3a62d4f2004c825922f9e370b29416484086b264ec", size = 98724, upload-time = "2024-11-27T22:38:32.837Z" },
    { url = "https://files.pythonhosted.org/packages/c7/32/b0963458706accd9afcfeb867c0f9175a741bf7b19cd424230714d722198/tomli-2.2.1-cp313-cp313-win_amd64.whl", hash = "sha256:a38aa0308e754b0e3c67e344754dff64999ff9b513e691d0e786265c93583c69", size = 109383, upload-time = "2024-11-27T22:38:34.455Z" },
    { url = "https://files.pythonhosted.org/packages/6e/c2/61d3e0f47e2b74ef40a68b9e6ad5984f6241a942f7cd3bbfbdbd03861ea9/tomli-2.2.1-py3-none-any.whl", hash = "sha256:cb55c73c5f4408779d0cf3eef9f762b9c9f147a77de7b258bef0a5628adc85cc", size = 14257, upload-time = "2024-11-27T22:38:35.385Z" },
]

[[package]]
name = "typing-extensions"
version = "4.14.1"
source = { registry = "https://pypi.org/simple" }
sdist = { url = "https://files.pythonhosted.org/packages/98/5a/da40306b885cc8c09109dc2e1abd358d5684b1425678151cdaed4731c822/typing_extensions-4.14.1.tar.gz", hash = "sha256:38b39f4aeeab64884ce9f74c94263ef78f3c22467c8724005483154c26648d36", size = 107673, upload-time = "2025-07-04T13:28:34.16Z" }
wheels = [
    { url = "https://files.pythonhosted.org/packages/b5/00/d631e67a838026495268c2f6884f3711a15a9a2a96cd244fdaea53b823fb/typing_extensions-4.14.1-py3-none-any.whl", hash = "sha256:d1e1e3b58374dc93031d6eda2420a48ea44a36c2b4766a4fdeb3710755731d76", size = 43906, upload-time = "2025-07-04T13:28:32.743Z" },
]
